{
    "apiDependenciesMetadata": {
        "com.netflix.graphql.dgs.codegen:graphql-dgs-codegen-core": {
            "project": true
        },
        "org.jetbrains.kotlin:kotlin-stdlib": {
            "firstLevelTransitive": [
                "com.netflix.graphql.dgs.codegen:graphql-dgs-codegen-core"
            ],
            "locked": "1.9.20"
        }
    },
    "compileClasspath": {
        "com.netflix.graphql.dgs.codegen:graphql-dgs-codegen-core": {
            "project": true
        },
        "com.netflix.nebula:gradle-dependency-lock-plugin": {
            "locked": "14.1.2"
        },
        "org.jetbrains.kotlin:kotlin-bom": {
            "locked": "1.9.20"
        },
        "org.jetbrains.kotlin:kotlin-gradle-plugin": {
            "locked": "1.9.20"
        },
        "org.jetbrains.kotlin:kotlin-stdlib": {
            "firstLevelTransitive": [
                "com.netflix.graphql.dgs.codegen:graphql-dgs-codegen-core"
            ],
            "locked": "1.9.20"
        }
    },
    "compileOnlyDependenciesMetadata": {
        "com.netflix.nebula:gradle-dependency-lock-plugin": {
            "locked": "14.1.2"
        },
        "org.jetbrains.kotlin:kotlin-gradle-plugin": {
            "locked": "1.9.20"
        }
    },
    "implementationDependenciesMetadata": {
        "com.netflix.graphql.dgs.codegen:graphql-dgs-codegen-core": {
            "project": true
        },
        "org.jetbrains.kotlin:kotlin-bom": {
            "locked": "1.9.20"
        },
        "org.jetbrains.kotlin:kotlin-stdlib": {
            "firstLevelTransitive": [
                "com.netflix.graphql.dgs.codegen:graphql-dgs-codegen-core"
            ],
            "locked": "1.9.20"
        }
    },
    "kotlinBuildToolsApiClasspath": {
        "org.jetbrains.kotlin:kotlin-build-tools-impl": {
            "locked": "1.9.20"
        }
    },
    "kotlinCompilerClasspath": {
        "org.jetbrains.kotlin:kotlin-compiler-embeddable": {
            "locked": "1.9.20"
        }
    },
    "kotlinCompilerPluginClasspathMain": {
        "org.jetbrains.kotlin:kotlin-scripting-compiler-embeddable": {
            "locked": "1.9.20"
        }
    },
    "kotlinCompilerPluginClasspathTest": {
        "org.jetbrains.kotlin:kotlin-scripting-compiler-embeddable": {
            "locked": "1.9.20"
        }
    },
    "kotlinKlibCommonizerClasspath": {
        "org.jetbrains.kotlin:kotlin-klib-commonizer-embeddable": {
            "locked": "1.9.20"
        }
    },
    "runtimeClasspath": {
        "com.fasterxml.jackson.core:jackson-annotations": {
            "firstLevelTransitive": [
                "com.netflix.graphql.dgs.codegen:graphql-dgs-codegen-core"
            ],
            "locked": "2.13.4"
        },
        "com.fasterxml.jackson.core:jackson-databind": {
            "firstLevelTransitive": [
                "com.netflix.graphql.dgs.codegen:graphql-dgs-codegen-core"
            ],
            "locked": "2.13.4"
        },
        "com.github.ajalt.clikt:clikt": {
            "firstLevelTransitive": [
                "com.netflix.graphql.dgs.codegen:graphql-dgs-codegen-core"
            ],
            "locked": "4.2.1"
        },
        "com.graphql-java:graphql-java": {
            "firstLevelTransitive": [
                "com.netflix.graphql.dgs.codegen:graphql-dgs-codegen-core",
                "com.netflix.graphql.dgs.codegen:graphql-dgs-codegen-shared-core"
            ],
            "locked": "19.2"
        },
        "com.netflix.graphql.dgs.codegen:graphql-dgs-codegen-core": {
            "project": true
        },
        "com.netflix.graphql.dgs.codegen:graphql-dgs-codegen-shared-core": {
            "firstLevelTransitive": [
                "com.netflix.graphql.dgs.codegen:graphql-dgs-codegen-core"
            ],
            "project": true
        },
        "com.netflix.graphql.dgs:graphql-dgs": {
            "firstLevelTransitive": [
                "com.netflix.graphql.dgs.codegen:graphql-dgs-codegen-core"
            ],
            "locked": "5.5.1"
        },
        "com.netflix.graphql.dgs:graphql-dgs-platform-dependencies": {
            "firstLevelTransitive": [
                "com.netflix.graphql.dgs.codegen:graphql-dgs-codegen-core",
                "com.netflix.graphql.dgs.codegen:graphql-dgs-codegen-shared-core"
            ],
            "locked": "5.5.1"
        },
        "com.squareup:javapoet": {
            "firstLevelTransitive": [
                "com.netflix.graphql.dgs.codegen:graphql-dgs-codegen-core"
            ],
            "locked": "1.13.0"
        },
        "com.squareup:kotlinpoet": {
            "firstLevelTransitive": [
                "com.netflix.graphql.dgs.codegen:graphql-dgs-codegen-core"
            ],
            "locked": "1.15.1"
        },
        "org.jetbrains.kotlin:kotlin-bom": {
            "firstLevelTransitive": [
                "com.netflix.graphql.dgs.codegen:graphql-dgs-codegen-core",
                "com.netflix.graphql.dgs.codegen:graphql-dgs-codegen-shared-core"
            ],
            "locked": "1.9.20"
        },
        "org.jetbrains.kotlin:kotlin-reflect": {
            "firstLevelTransitive": [
                "com.netflix.graphql.dgs.codegen:graphql-dgs-codegen-shared-core"
            ],
            "locked": "1.9.20"
        },
        "org.jetbrains.kotlin:kotlin-stdlib": {
            "firstLevelTransitive": [
                "com.netflix.graphql.dgs.codegen:graphql-dgs-codegen-core",
                "com.netflix.graphql.dgs.codegen:graphql-dgs-codegen-shared-core"
            ],
            "locked": "1.9.20"
        },
        "org.jetbrains.kotlinx:kotlinx-serialization-json": {
            "firstLevelTransitive": [
                "com.netflix.graphql.dgs.codegen:graphql-dgs-codegen-core"
            ],
            "locked": "1.6.1"
        },
        "org.slf4j:slf4j-api": {
            "firstLevelTransitive": [
                "com.netflix.graphql.dgs.codegen:graphql-dgs-codegen-core"
            ],
            "locked": "1.7.35"
        }
    },
    "testCompileClasspath": {
        "com.google.guava:guava": {
            "locked": "32.1.3-jre"
        },
        "com.netflix.graphql.dgs.codegen:graphql-dgs-codegen-core": {
            "project": true
        },
        "org.assertj:assertj-core": {
            "locked": "3.24.2"
        },
        "org.jetbrains.kotlin:kotlin-bom": {
            "locked": "1.9.20"
        },
        "org.jetbrains.kotlin:kotlin-compiler": {
            "locked": "1.9.20"
        },
        "org.jetbrains.kotlin:kotlin-stdlib": {
            "firstLevelTransitive": [
                "com.netflix.graphql.dgs.codegen:graphql-dgs-codegen-core"
            ],
            "locked": "1.9.20"
        },
        "org.junit.jupiter:junit-jupiter": {
            "locked": "5.10.1"
        },
        "org.junit.jupiter:junit-jupiter-params": {
            "locked": "5.10.1"
        },
        "org.junit:junit-bom": {
            "locked": "5.10.1"
        }
    },
    "testImplementationDependenciesMetadata": {
        "com.google.guava:guava": {
            "locked": "32.1.3-jre"
        },
        "com.netflix.graphql.dgs.codegen:graphql-dgs-codegen-core": {
            "project": true
        },
        "org.assertj:assertj-core": {
            "locked": "3.24.2"
        },
        "org.jetbrains.kotlin:kotlin-bom": {
            "locked": "1.9.20"
        },
        "org.jetbrains.kotlin:kotlin-compiler": {
            "locked": "1.9.20"
        },
        "org.jetbrains.kotlin:kotlin-stdlib": {
            "firstLevelTransitive": [
                "com.netflix.graphql.dgs.codegen:graphql-dgs-codegen-core"
            ],
            "locked": "1.9.20"
        },
        "org.junit.jupiter:junit-jupiter": {
            "locked": "5.10.1"
        },
        "org.junit.jupiter:junit-jupiter-params": {
            "locked": "5.10.1"
        },
        "org.junit:junit-bom": {
            "locked": "5.10.1"
        }
    },
    "testRuntimeClasspath": {
        "com.fasterxml.jackson.core:jackson-annotations": {
            "firstLevelTransitive": [
                "com.netflix.graphql.dgs.codegen:graphql-dgs-codegen-core"
            ],
            "locked": "2.13.4"
        },
        "com.fasterxml.jackson.core:jackson-databind": {
            "firstLevelTransitive": [
                "com.netflix.graphql.dgs.codegen:graphql-dgs-codegen-core"
            ],
            "locked": "2.13.4"
        },
        "com.github.ajalt.clikt:clikt": {
            "firstLevelTransitive": [
                "com.netflix.graphql.dgs.codegen:graphql-dgs-codegen-core"
            ],
            "locked": "4.2.1"
        },
        "com.google.guava:guava": {
            "locked": "32.1.3-jre"
        },
        "com.graphql-java:graphql-java": {
            "firstLevelTransitive": [
                "com.netflix.graphql.dgs.codegen:graphql-dgs-codegen-core",
                "com.netflix.graphql.dgs.codegen:graphql-dgs-codegen-shared-core"
            ],
            "locked": "19.2"
        },
        "com.netflix.graphql.dgs.codegen:graphql-dgs-codegen-core": {
            "project": true
        },
        "com.netflix.graphql.dgs.codegen:graphql-dgs-codegen-shared-core": {
            "firstLevelTransitive": [
                "com.netflix.graphql.dgs.codegen:graphql-dgs-codegen-core"
            ],
            "project": true
        },
        "com.netflix.graphql.dgs:graphql-dgs": {
            "firstLevelTransitive": [
                "com.netflix.graphql.dgs.codegen:graphql-dgs-codegen-core"
            ],
            "locked": "5.5.1"
        },
        "com.netflix.graphql.dgs:graphql-dgs-platform-dependencies": {
            "firstLevelTransitive": [
                "com.netflix.graphql.dgs.codegen:graphql-dgs-codegen-core",
                "com.netflix.graphql.dgs.codegen:graphql-dgs-codegen-shared-core"
            ],
            "locked": "5.5.1"
        },
        "com.squareup:javapoet": {
            "firstLevelTransitive": [
                "com.netflix.graphql.dgs.codegen:graphql-dgs-codegen-core"
            ],
            "locked": "1.13.0"
        },
        "com.squareup:kotlinpoet": {
            "firstLevelTransitive": [
                "com.netflix.graphql.dgs.codegen:graphql-dgs-codegen-core"
            ],
            "locked": "1.15.1"
        },
        "org.assertj:assertj-core": {
            "locked": "3.24.2"
        },
        "org.jetbrains.kotlin:kotlin-bom": {
            "firstLevelTransitive": [
                "com.netflix.graphql.dgs.codegen:graphql-dgs-codegen-core",
                "com.netflix.graphql.dgs.codegen:graphql-dgs-codegen-shared-core"
            ],
            "locked": "1.9.20"
        },
        "org.jetbrains.kotlin:kotlin-compiler": {
            "locked": "1.9.20"
        },
        "org.jetbrains.kotlin:kotlin-reflect": {
            "firstLevelTransitive": [
                "com.netflix.graphql.dgs.codegen:graphql-dgs-codegen-shared-core"
            ],
            "locked": "1.9.20"
        },
        "org.jetbrains.kotlin:kotlin-stdlib": {
            "firstLevelTransitive": [
                "com.netflix.graphql.dgs.codegen:graphql-dgs-codegen-core",
                "com.netflix.graphql.dgs.codegen:graphql-dgs-codegen-shared-core"
            ],
            "locked": "1.9.20"
        },
        "org.jetbrains.kotlinx:kotlinx-serialization-json": {
            "firstLevelTransitive": [
                "com.netflix.graphql.dgs.codegen:graphql-dgs-codegen-core"
            ],
            "locked": "1.6.1"
        },
        "org.junit.jupiter:junit-jupiter": {
            "locked": "5.10.1"
        },
        "org.junit.jupiter:junit-jupiter-params": {
            "locked": "5.10.1"
        },
        "org.junit:junit-bom": {
            "locked": "5.10.1"
        },
        "org.slf4j:slf4j-api": {
            "firstLevelTransitive": [
                "com.netflix.graphql.dgs.codegen:graphql-dgs-codegen-core"
            ],
            "locked": "1.7.35"
        }
    }
}