{
    "apiDependenciesMetadata": {
        "com.netflix.graphql.dgs.codegen:graphql-dgs-codegen-core": {
            "project": true
        },
        "org.jetbrains.kotlin:kotlin-stdlib": {
            "locked": "1.4.21"
        },
        "org.jetbrains.kotlin:kotlin-stdlib-jdk8": {
            "firstLevelTransitive": [
                "com.netflix.graphql.dgs.codegen:graphql-dgs-codegen-core"
            ],
            "locked": "1.4.21"
        }
    },
    "compileClasspath": {
        "com.netflix.graphql.dgs.codegen:graphql-dgs-codegen-core": {
            "project": true
        },
        "org.jetbrains.kotlin:kotlin-gradle-plugin": {
            "locked": "1.4.21"
        },
        "org.jetbrains.kotlin:kotlin-stdlib": {
            "locked": "1.4.21"
        },
        "org.jetbrains.kotlin:kotlin-stdlib-jdk8": {
            "firstLevelTransitive": [
                "com.netflix.graphql.dgs.codegen:graphql-dgs-codegen-core"
            ],
            "locked": "1.4.21"
        }
    },
    "compileOnlyDependenciesMetadata": {
        "org.jetbrains.kotlin:kotlin-gradle-plugin": {
            "locked": "1.4.21"
        }
    },
    "functionalTestCompileClasspath": {
        "com.netflix.graphql.dgs.codegen:graphql-dgs-codegen-core": {
            "project": true
        },
        "junit:junit": {
            "locked": "4.12"
        },
        "org.assertj:assertj-core": {
            "locked": "3.11.1"
        },
        "org.jetbrains.kotlin:kotlin-stdlib": {
            "locked": "1.4.21"
        },
        "org.jetbrains.kotlin:kotlin-stdlib-jdk8": {
            "firstLevelTransitive": [
                "com.netflix.graphql.dgs.codegen:graphql-dgs-codegen-core"
            ],
            "locked": "1.4.21"
        }
    },
    "functionalTestImplementationDependenciesMetadata": {
        "com.netflix.graphql.dgs.codegen:graphql-dgs-codegen-core": {
            "project": true
        },
        "junit:junit": {
            "locked": "4.12"
        },
        "org.assertj:assertj-core": {
            "locked": "3.11.1"
        },
        "org.jetbrains.kotlin:kotlin-stdlib": {
            "locked": "1.4.21"
        },
        "org.jetbrains.kotlin:kotlin-stdlib-jdk8": {
            "firstLevelTransitive": [
                "com.netflix.graphql.dgs.codegen:graphql-dgs-codegen-core"
            ],
            "locked": "1.4.21"
        }
    },
    "functionalTestRuntimeClasspath": {
        "com.fasterxml.jackson.core:jackson-annotations": {
            "firstLevelTransitive": [
                "com.netflix.graphql.dgs.codegen:graphql-dgs-codegen-core"
            ],
            "locked": "2.11.4"
        },
        "com.fasterxml.jackson.module:jackson-module-kotlin": {
            "firstLevelTransitive": [
                "com.netflix.graphql.dgs.codegen:graphql-dgs-codegen-core"
            ],
            "locked": "2.11.4"
        },
        "com.github.ajalt.clikt:clikt": {
            "firstLevelTransitive": [
                "com.netflix.graphql.dgs.codegen:graphql-dgs-codegen-core"
            ],
            "locked": "3.1.0"
        },
        "com.graphql-java:graphql-java": {
            "firstLevelTransitive": [
                "com.netflix.graphql.dgs.codegen:graphql-dgs-codegen-core"
            ],
            "locked": "14.0"
        },
        "com.netflix.graphql.dgs.codegen:graphql-dgs-codegen-core": {
            "project": true
        },
        "com.netflix.graphql.dgs:graphql-dgs": {
            "firstLevelTransitive": [
                "com.netflix.graphql.dgs.codegen:graphql-dgs-codegen-core"
            ],
            "locked": "3.1.2"
        },
        "com.netflix.graphql.dgs:graphql-dgs-client": {
            "firstLevelTransitive": [
                "com.netflix.graphql.dgs.codegen:graphql-dgs-codegen-core"
            ],
            "locked": "3.1.2"
        },
        "com.squareup:javapoet": {
            "firstLevelTransitive": [
                "com.netflix.graphql.dgs.codegen:graphql-dgs-codegen-core"
            ],
            "locked": "1.13.0"
        },
        "com.squareup:kotlinpoet": {
            "firstLevelTransitive": [
                "com.netflix.graphql.dgs.codegen:graphql-dgs-codegen-core"
            ],
            "locked": "1.7.2"
        },
        "junit:junit": {
            "locked": "4.12"
        },
        "org.assertj:assertj-core": {
            "locked": "3.11.1"
        },
        "org.jetbrains.kotlin:kotlin-stdlib": {
            "locked": "1.4.21"
        },
        "org.jetbrains.kotlin:kotlin-stdlib-jdk8": {
            "firstLevelTransitive": [
                "com.netflix.graphql.dgs.codegen:graphql-dgs-codegen-core"
            ],
            "locked": "1.4.21"
        }
    },
    "implementationDependenciesMetadata": {
        "com.netflix.graphql.dgs.codegen:graphql-dgs-codegen-core": {
            "project": true
        },
        "org.jetbrains.kotlin:kotlin-stdlib": {
            "locked": "1.4.21"
        },
        "org.jetbrains.kotlin:kotlin-stdlib-jdk8": {
            "firstLevelTransitive": [
                "com.netflix.graphql.dgs.codegen:graphql-dgs-codegen-core"
            ],
            "locked": "1.4.21"
        }
    },
    "kotlinCompilerClasspath": {
        "org.jetbrains.kotlin:kotlin-compiler-embeddable": {
            "locked": "1.4.21"
        }
    },
    "kotlinCompilerPluginClasspath": {
        "org.jetbrains.kotlin:kotlin-scripting-compiler-embeddable": {
            "locked": "1.4.21"
        }
    },
    "kotlinKlibCommonizerClasspath": {
        "org.jetbrains.kotlin:kotlin-klib-commonizer-embeddable": {
            "locked": "1.4.21"
        }
    },
    "runtimeClasspath": {
        "com.fasterxml.jackson.core:jackson-annotations": {
            "firstLevelTransitive": [
                "com.netflix.graphql.dgs.codegen:graphql-dgs-codegen-core"
            ],
            "locked": "2.11.4"
        },
        "com.fasterxml.jackson.module:jackson-module-kotlin": {
            "firstLevelTransitive": [
                "com.netflix.graphql.dgs.codegen:graphql-dgs-codegen-core"
            ],
            "locked": "2.11.4"
        },
        "com.github.ajalt.clikt:clikt": {
            "firstLevelTransitive": [
                "com.netflix.graphql.dgs.codegen:graphql-dgs-codegen-core"
            ],
            "locked": "3.1.0"
        },
        "com.graphql-java:graphql-java": {
            "firstLevelTransitive": [
                "com.netflix.graphql.dgs.codegen:graphql-dgs-codegen-core"
            ],
            "locked": "14.0"
        },
        "com.netflix.graphql.dgs.codegen:graphql-dgs-codegen-core": {
            "project": true
        },
        "com.netflix.graphql.dgs:graphql-dgs": {
            "firstLevelTransitive": [
                "com.netflix.graphql.dgs.codegen:graphql-dgs-codegen-core"
            ],
            "locked": "3.1.2"
        },
        "com.netflix.graphql.dgs:graphql-dgs-client": {
            "firstLevelTransitive": [
                "com.netflix.graphql.dgs.codegen:graphql-dgs-codegen-core"
            ],
            "locked": "3.1.2"
        },
        "com.squareup:javapoet": {
            "firstLevelTransitive": [
                "com.netflix.graphql.dgs.codegen:graphql-dgs-codegen-core"
            ],
            "locked": "1.13.0"
        },
        "com.squareup:kotlinpoet": {
            "firstLevelTransitive": [
                "com.netflix.graphql.dgs.codegen:graphql-dgs-codegen-core"
            ],
            "locked": "1.7.2"
        },
        "org.jetbrains.kotlin:kotlin-stdlib": {
            "locked": "1.4.21"
        },
        "org.jetbrains.kotlin:kotlin-stdlib-jdk8": {
            "firstLevelTransitive": [
                "com.netflix.graphql.dgs.codegen:graphql-dgs-codegen-core"
            ],
            "locked": "1.4.21"
        }
    },
    "testCompileClasspath": {
        "com.netflix.graphql.dgs.codegen:graphql-dgs-codegen-core": {
            "project": true
        },
        "junit:junit": {
            "locked": "4.12"
        },
        "org.assertj:assertj-core": {
            "locked": "3.11.1"
        },
        "org.jetbrains.kotlin:kotlin-stdlib": {
            "locked": "1.4.21"
        },
        "org.jetbrains.kotlin:kotlin-stdlib-jdk8": {
            "firstLevelTransitive": [
                "com.netflix.graphql.dgs.codegen:graphql-dgs-codegen-core"
            ],
            "locked": "1.4.21"
        }
    },
    "testImplementationDependenciesMetadata": {
        "com.netflix.graphql.dgs.codegen:graphql-dgs-codegen-core": {
            "project": true
        },
        "junit:junit": {
            "locked": "4.12"
        },
        "org.assertj:assertj-core": {
            "locked": "3.11.1"
        },
        "org.jetbrains.kotlin:kotlin-stdlib": {
            "locked": "1.4.21"
        },
        "org.jetbrains.kotlin:kotlin-stdlib-jdk8": {
            "firstLevelTransitive": [
                "com.netflix.graphql.dgs.codegen:graphql-dgs-codegen-core"
            ],
            "locked": "1.4.21"
        }
    },
    "testRuntimeClasspath": {
        "com.fasterxml.jackson.core:jackson-annotations": {
            "firstLevelTransitive": [
                "com.netflix.graphql.dgs.codegen:graphql-dgs-codegen-core"
            ],
            "locked": "2.11.4"
        },
        "com.fasterxml.jackson.module:jackson-module-kotlin": {
            "firstLevelTransitive": [
                "com.netflix.graphql.dgs.codegen:graphql-dgs-codegen-core"
            ],
            "locked": "2.11.4"
        },
        "com.github.ajalt.clikt:clikt": {
            "firstLevelTransitive": [
                "com.netflix.graphql.dgs.codegen:graphql-dgs-codegen-core"
            ],
            "locked": "3.1.0"
        },
        "com.graphql-java:graphql-java": {
            "firstLevelTransitive": [
                "com.netflix.graphql.dgs.codegen:graphql-dgs-codegen-core"
            ],
            "locked": "14.0"
        },
        "com.netflix.graphql.dgs.codegen:graphql-dgs-codegen-core": {
            "project": true
        },
        "com.netflix.graphql.dgs:graphql-dgs": {
            "firstLevelTransitive": [
                "com.netflix.graphql.dgs.codegen:graphql-dgs-codegen-core"
            ],
            "locked": "3.1.2"
        },
        "com.netflix.graphql.dgs:graphql-dgs-client": {
            "firstLevelTransitive": [
                "com.netflix.graphql.dgs.codegen:graphql-dgs-codegen-core"
            ],
            "locked": "3.1.2"
        },
        "com.squareup:javapoet": {
            "firstLevelTransitive": [
                "com.netflix.graphql.dgs.codegen:graphql-dgs-codegen-core"
            ],
            "locked": "1.13.0"
        },
        "com.squareup:kotlinpoet": {
            "firstLevelTransitive": [
                "com.netflix.graphql.dgs.codegen:graphql-dgs-codegen-core"
            ],
            "locked": "1.7.2"
        },
        "junit:junit": {
            "locked": "4.12"
        },
        "org.assertj:assertj-core": {
            "locked": "3.11.1"
        },
        "org.jetbrains.kotlin:kotlin-stdlib": {
            "locked": "1.4.21"
        },
        "org.jetbrains.kotlin:kotlin-stdlib-jdk8": {
            "firstLevelTransitive": [
                "com.netflix.graphql.dgs.codegen:graphql-dgs-codegen-core"
            ],
            "locked": "1.4.21"
        }
    }
}