{
    "apiDependenciesMetadata": {
        "com.netflix.graphql.dgs.codegen:graphql-dgs-codegen-core": {
            "project": true
        },
        "com.netflix.graphql.dgs:graphql-dgs-platform-dependencies": {
            "firstLevelTransitive": [
                "com.netflix.graphql.dgs.codegen:graphql-dgs-codegen-core"
            ],
            "locked": "10.0.4"
        },
        "org.jetbrains.kotlin:kotlin-stdlib": {
            "firstLevelTransitive": [
                "com.netflix.graphql.dgs.codegen:graphql-dgs-codegen-core"
            ],
            "locked": "2.2.0"
        }
    },
    "compileClasspath": {
        "com.fasterxml.jackson:jackson-bom": {
            "locked": "2.18.3"
        },
        "com.netflix.graphql.dgs.codegen:graphql-dgs-codegen-core": {
            "project": true
        },
        "com.netflix.graphql.dgs:graphql-dgs-platform-dependencies": {
            "firstLevelTransitive": [
                "com.netflix.graphql.dgs.codegen:graphql-dgs-codegen-core"
            ],
            "locked": "10.0.4"
        },
        "com.netflix.nebula:gradle-dependency-lock-plugin": {
            "locked": "15.2.0"
        },
        "org.jetbrains.kotlin:kotlin-bom": {
            "locked": "2.2.0"
        },
        "org.jetbrains.kotlin:kotlin-gradle-plugin": {
            "locked": "2.2.0"
        },
        "org.jetbrains.kotlin:kotlin-stdlib": {
            "firstLevelTransitive": [
                "com.netflix.graphql.dgs.codegen:graphql-dgs-codegen-core"
            ],
            "locked": "2.2.0"
        }
    },
    "compileOnlyDependenciesMetadata": {
        "com.netflix.nebula:gradle-dependency-lock-plugin": {
            "locked": "15.2.0"
        },
        "org.jetbrains.kotlin:kotlin-gradle-plugin": {
            "locked": "2.2.0"
        }
    },
    "implementationDependenciesMetadata": {
        "com.fasterxml.jackson:jackson-bom": {
            "locked": "2.18.3"
        },
        "com.netflix.graphql.dgs.codegen:graphql-dgs-codegen-core": {
            "project": true
        },
        "com.netflix.graphql.dgs:graphql-dgs-platform-dependencies": {
            "firstLevelTransitive": [
                "com.netflix.graphql.dgs.codegen:graphql-dgs-codegen-core"
            ],
            "locked": "10.0.4"
        },
        "org.jetbrains.kotlin:kotlin-bom": {
            "locked": "2.2.0"
        },
        "org.jetbrains.kotlin:kotlin-stdlib": {
            "firstLevelTransitive": [
                "com.netflix.graphql.dgs.codegen:graphql-dgs-codegen-core"
            ],
            "locked": "2.2.0"
        }
    },
    "kotlinCompilerClasspath": {
        "org.jetbrains.kotlin:kotlin-compiler-embeddable": {
            "locked": "2.2.0"
        }
    },
    "kotlinCompilerPluginClasspathMain": {
        "org.jetbrains.kotlin:kotlin-scripting-compiler-embeddable": {
            "locked": "2.2.0"
        }
    },
    "kotlinCompilerPluginClasspathTest": {
        "org.jetbrains.kotlin:kotlin-scripting-compiler-embeddable": {
            "locked": "2.2.0"
        }
    },
    "kotlinInternalAbiValidation": {
        "org.jetbrains.kotlin:abi-tools": {
            "locked": "2.2.0"
        }
    },
    "kotlinKlibCommonizerClasspath": {
        "org.jetbrains.kotlin:kotlin-klib-commonizer-embeddable": {
            "locked": "2.2.0"
        }
    },
    "ktlint": {
        "com.pinterest.ktlint:ktlint-cli": {
            "locked": "1.5.0"
        }
    },
    "runtimeClasspath": {
        "com.fasterxml.jackson.core:jackson-annotations": {
            "firstLevelTransitive": [
                "com.netflix.graphql.dgs.codegen:graphql-dgs-codegen-core",
                "com.netflix.graphql.dgs.codegen:graphql-dgs-codegen-shared-core"
            ],
            "locked": "2.18.3"
        },
        "com.fasterxml.jackson.core:jackson-databind": {
            "firstLevelTransitive": [
                "com.netflix.graphql.dgs.codegen:graphql-dgs-codegen-core",
                "com.netflix.graphql.dgs.codegen:graphql-dgs-codegen-shared-core"
            ],
            "locked": "2.18.3"
        },
        "com.fasterxml.jackson:jackson-bom": {
            "firstLevelTransitive": [
                "com.netflix.graphql.dgs.codegen:graphql-dgs-codegen-core",
                "com.netflix.graphql.dgs.codegen:graphql-dgs-codegen-shared-core"
            ],
            "locked": "2.18.3"
        },
        "com.github.ajalt.clikt:clikt": {
            "firstLevelTransitive": [
                "com.netflix.graphql.dgs.codegen:graphql-dgs-codegen-core"
            ],
            "locked": "5.0.3"
        },
        "com.graphql-java:graphql-java": {
            "firstLevelTransitive": [
                "com.netflix.graphql.dgs.codegen:graphql-dgs-codegen-shared-core"
            ],
            "locked": "22.3"
        },
        "com.netflix.graphql.dgs.codegen:graphql-dgs-codegen-core": {
            "project": true
        },
        "com.netflix.graphql.dgs.codegen:graphql-dgs-codegen-shared-core": {
            "firstLevelTransitive": [
                "com.netflix.graphql.dgs.codegen:graphql-dgs-codegen-core"
            ],
            "project": true
        },
        "com.netflix.graphql.dgs:graphql-dgs": {
            "firstLevelTransitive": [
                "com.netflix.graphql.dgs.codegen:graphql-dgs-codegen-core"
            ],
            "locked": "10.0.4"
        },
        "com.netflix.graphql.dgs:graphql-dgs-platform-dependencies": {
            "firstLevelTransitive": [
                "com.netflix.graphql.dgs.codegen:graphql-dgs-codegen-core",
                "com.netflix.graphql.dgs.codegen:graphql-dgs-codegen-shared-core"
            ],
            "locked": "10.0.4"
        },
        "com.palantir.javapoet:javapoet": {
            "firstLevelTransitive": [
                "com.netflix.graphql.dgs.codegen:graphql-dgs-codegen-core"
            ],
            "locked": "0.9.0"
        },
        "com.squareup:kotlinpoet": {
            "firstLevelTransitive": [
                "com.netflix.graphql.dgs.codegen:graphql-dgs-codegen-core"
            ],
            "locked": "2.2.0"
        },
        "jakarta.annotation:jakarta.annotation-api": {
            "firstLevelTransitive": [
                "com.netflix.graphql.dgs.codegen:graphql-dgs-codegen-core"
            ],
            "locked": "3.0.0"
        },
        "org.jetbrains.kotlin:kotlin-bom": {
            "firstLevelTransitive": [
                "com.netflix.graphql.dgs.codegen:graphql-dgs-codegen-core",
                "com.netflix.graphql.dgs.codegen:graphql-dgs-codegen-shared-core"
            ],
            "locked": "2.2.0"
        },
        "org.jetbrains.kotlin:kotlin-reflect": {
            "firstLevelTransitive": [
                "com.netflix.graphql.dgs.codegen:graphql-dgs-codegen-shared-core"
            ],
            "locked": "2.2.0"
        },
        "org.jetbrains.kotlin:kotlin-stdlib": {
            "firstLevelTransitive": [
                "com.netflix.graphql.dgs.codegen:graphql-dgs-codegen-core",
                "com.netflix.graphql.dgs.codegen:graphql-dgs-codegen-shared-core"
            ],
            "locked": "2.2.0"
        },
        "org.jetbrains.kotlinx:kotlinx-serialization-json": {
            "firstLevelTransitive": [
                "com.netflix.graphql.dgs.codegen:graphql-dgs-codegen-core"
            ],
            "locked": "1.8.1"
        },
        "org.slf4j:slf4j-api": {
            "firstLevelTransitive": [
                "com.netflix.graphql.dgs.codegen:graphql-dgs-codegen-core"
            ],
            "locked": "1.7.30"
        }
    },
    "testCompileClasspath": {
        "com.fasterxml.jackson:jackson-bom": {
            "locked": "2.18.3"
        },
        "com.google.guava:guava": {
            "locked": "33.4.8-jre"
        },
        "com.netflix.graphql.dgs.codegen:graphql-dgs-codegen-core": {
            "project": true
        },
        "com.netflix.graphql.dgs:graphql-dgs-platform-dependencies": {
            "firstLevelTransitive": [
                "com.netflix.graphql.dgs.codegen:graphql-dgs-codegen-core"
            ],
            "locked": "10.0.4"
        },
        "org.assertj:assertj-core": {
            "locked": "3.27.7"
        },
        "org.jetbrains.kotlin:kotlin-bom": {
            "locked": "2.2.0"
        },
        "org.jetbrains.kotlin:kotlin-compiler": {
            "locked": "2.2.0"
        },
        "org.jetbrains.kotlin:kotlin-stdlib": {
            "firstLevelTransitive": [
                "com.netflix.graphql.dgs.codegen:graphql-dgs-codegen-core"
            ],
            "locked": "2.2.0"
        },
        "org.junit.jupiter:junit-jupiter": {
            "locked": "5.10.5"
        },
        "org.junit.jupiter:junit-jupiter-params": {
            "locked": "5.10.5"
        },
        "org.junit:junit-bom": {
            "locked": "5.10.5"
        }
    },
    "testImplementationDependenciesMetadata": {
        "com.fasterxml.jackson:jackson-bom": {
            "locked": "2.18.3"
        },
        "com.google.guava:guava": {
            "locked": "33.4.8-jre"
        },
        "com.netflix.graphql.dgs.codegen:graphql-dgs-codegen-core": {
            "project": true
        },
        "com.netflix.graphql.dgs:graphql-dgs-platform-dependencies": {
            "firstLevelTransitive": [
                "com.netflix.graphql.dgs.codegen:graphql-dgs-codegen-core"
            ],
            "locked": "10.0.4"
        },
        "org.assertj:assertj-core": {
            "locked": "3.27.7"
        },
        "org.jetbrains.kotlin:kotlin-bom": {
            "locked": "2.2.0"
        },
        "org.jetbrains.kotlin:kotlin-compiler": {
            "locked": "2.2.0"
        },
        "org.jetbrains.kotlin:kotlin-stdlib": {
            "firstLevelTransitive": [
                "com.netflix.graphql.dgs.codegen:graphql-dgs-codegen-core"
            ],
            "locked": "2.2.0"
        },
        "org.junit.jupiter:junit-jupiter": {
            "locked": "5.10.5"
        },
        "org.junit.jupiter:junit-jupiter-params": {
            "locked": "5.10.5"
        },
        "org.junit:junit-bom": {
            "locked": "5.10.5"
        }
    },
    "testRuntimeClasspath": {
        "com.fasterxml.jackson.core:jackson-annotations": {
            "firstLevelTransitive": [
                "com.netflix.graphql.dgs.codegen:graphql-dgs-codegen-core",
                "com.netflix.graphql.dgs.codegen:graphql-dgs-codegen-shared-core"
            ],
            "locked": "2.18.3"
        },
        "com.fasterxml.jackson.core:jackson-databind": {
            "firstLevelTransitive": [
                "com.netflix.graphql.dgs.codegen:graphql-dgs-codegen-core",
                "com.netflix.graphql.dgs.codegen:graphql-dgs-codegen-shared-core"
            ],
            "locked": "2.18.3"
        },
        "com.fasterxml.jackson:jackson-bom": {
            "firstLevelTransitive": [
                "com.netflix.graphql.dgs.codegen:graphql-dgs-codegen-core",
                "com.netflix.graphql.dgs.codegen:graphql-dgs-codegen-shared-core"
            ],
            "locked": "2.18.3"
        },
        "com.github.ajalt.clikt:clikt": {
            "firstLevelTransitive": [
                "com.netflix.graphql.dgs.codegen:graphql-dgs-codegen-core"
            ],
            "locked": "5.0.3"
        },
        "com.google.guava:guava": {
            "locked": "33.4.8-jre"
        },
        "com.graphql-java:graphql-java": {
            "firstLevelTransitive": [
                "com.netflix.graphql.dgs.codegen:graphql-dgs-codegen-shared-core"
            ],
            "locked": "22.3"
        },
        "com.netflix.graphql.dgs.codegen:graphql-dgs-codegen-core": {
            "project": true
        },
        "com.netflix.graphql.dgs.codegen:graphql-dgs-codegen-shared-core": {
            "firstLevelTransitive": [
                "com.netflix.graphql.dgs.codegen:graphql-dgs-codegen-core"
            ],
            "project": true
        },
        "com.netflix.graphql.dgs:graphql-dgs": {
            "firstLevelTransitive": [
                "com.netflix.graphql.dgs.codegen:graphql-dgs-codegen-core"
            ],
            "locked": "10.0.4"
        },
        "com.netflix.graphql.dgs:graphql-dgs-platform-dependencies": {
            "firstLevelTransitive": [
                "com.netflix.graphql.dgs.codegen:graphql-dgs-codegen-core",
                "com.netflix.graphql.dgs.codegen:graphql-dgs-codegen-shared-core"
            ],
            "locked": "10.0.4"
        },
        "com.palantir.javapoet:javapoet": {
            "firstLevelTransitive": [
                "com.netflix.graphql.dgs.codegen:graphql-dgs-codegen-core"
            ],
            "locked": "0.9.0"
        },
        "com.squareup:kotlinpoet": {
            "firstLevelTransitive": [
                "com.netflix.graphql.dgs.codegen:graphql-dgs-codegen-core"
            ],
            "locked": "2.2.0"
        },
        "jakarta.annotation:jakarta.annotation-api": {
            "firstLevelTransitive": [
                "com.netflix.graphql.dgs.codegen:graphql-dgs-codegen-core"
            ],
            "locked": "3.0.0"
        },
        "org.assertj:assertj-core": {
            "locked": "3.27.7"
        },
        "org.jetbrains.kotlin:kotlin-bom": {
            "firstLevelTransitive": [
                "com.netflix.graphql.dgs.codegen:graphql-dgs-codegen-core",
                "com.netflix.graphql.dgs.codegen:graphql-dgs-codegen-shared-core"
            ],
            "locked": "2.2.0"
        },
        "org.jetbrains.kotlin:kotlin-compiler": {
            "locked": "2.2.0"
        },
        "org.jetbrains.kotlin:kotlin-reflect": {
            "firstLevelTransitive": [
                "com.netflix.graphql.dgs.codegen:graphql-dgs-codegen-shared-core"
            ],
            "locked": "2.2.0"
        },
        "org.jetbrains.kotlin:kotlin-stdlib": {
            "firstLevelTransitive": [
                "com.netflix.graphql.dgs.codegen:graphql-dgs-codegen-core",
                "com.netflix.graphql.dgs.codegen:graphql-dgs-codegen-shared-core"
            ],
            "locked": "2.2.0"
        },
        "org.jetbrains.kotlinx:kotlinx-serialization-json": {
            "firstLevelTransitive": [
                "com.netflix.graphql.dgs.codegen:graphql-dgs-codegen-core"
            ],
            "locked": "1.8.1"
        },
        "org.junit.jupiter:junit-jupiter": {
            "locked": "5.10.5"
        },
        "org.junit.jupiter:junit-jupiter-params": {
            "locked": "5.10.5"
        },
        "org.junit.platform:junit-platform-launcher": {
            "locked": "1.10.5"
        },
        "org.junit:junit-bom": {
            "locked": "5.10.5"
        },
        "org.slf4j:slf4j-api": {
            "firstLevelTransitive": [
                "com.netflix.graphql.dgs.codegen:graphql-dgs-codegen-core"
            ],
            "locked": "1.7.30"
        }
    }
}