{
    "apiDependenciesMetadata": {
        "org.jetbrains.kotlin:kotlin-stdlib": {
            "locked": "1.9.22"
        }
    },
    "compileClasspath": {
        "org.jetbrains.kotlin:kotlin-bom": {
            "locked": "1.9.22"
        },
        "org.jetbrains.kotlin:kotlin-stdlib": {
            "locked": "1.9.22",
            "transitive": [
                "org.jetbrains.kotlin:kotlin-bom"
            ]
        },
        "org.jetbrains:annotations": {
            "locked": "13.0",
            "transitive": [
                "org.jetbrains.kotlin:kotlin-stdlib"
            ]
        }
    },
    "implementationDependenciesMetadata": {
        "org.jetbrains.kotlin:kotlin-bom": {
            "locked": "1.9.22"
        },
        "org.jetbrains.kotlin:kotlin-stdlib": {
            "locked": "1.9.22",
            "transitive": [
                "org.jetbrains.kotlin:kotlin-bom"
            ]
        }
    },
    "kotlinBuildToolsApiClasspath": {
        "org.jetbrains.intellij.deps:trove4j": {
            "locked": "1.0.20200330",
            "transitive": [
                "org.jetbrains.kotlin:kotlin-compiler-embeddable"
            ]
        },
        "org.jetbrains.kotlin:kotlin-build-common": {
            "locked": "1.9.22",
            "transitive": [
                "org.jetbrains.kotlin:kotlin-compiler-runner"
            ]
        },
        "org.jetbrains.kotlin:kotlin-build-tools-api": {
            "locked": "1.9.22",
            "transitive": [
                "org.jetbrains.kotlin:kotlin-build-tools-impl"
            ]
        },
        "org.jetbrains.kotlin:kotlin-build-tools-impl": {
            "locked": "1.9.22"
        },
        "org.jetbrains.kotlin:kotlin-compiler-embeddable": {
            "locked": "1.9.22",
            "transitive": [
                "org.jetbrains.kotlin:kotlin-build-tools-impl",
                "org.jetbrains.kotlin:kotlin-compiler-runner"
            ]
        },
        "org.jetbrains.kotlin:kotlin-compiler-runner": {
            "locked": "1.9.22",
            "transitive": [
                "org.jetbrains.kotlin:kotlin-build-tools-impl"
            ]
        },
        "org.jetbrains.kotlin:kotlin-daemon-client": {
            "locked": "1.9.22",
            "transitive": [
                "org.jetbrains.kotlin:kotlin-compiler-runner"
            ]
        },
        "org.jetbrains.kotlin:kotlin-daemon-embeddable": {
            "locked": "1.9.22",
            "transitive": [
                "org.jetbrains.kotlin:kotlin-compiler-embeddable"
            ]
        },
        "org.jetbrains.kotlin:kotlin-reflect": {
            "locked": "1.6.10",
            "transitive": [
                "org.jetbrains.kotlin:kotlin-compiler-embeddable"
            ]
        },
        "org.jetbrains.kotlin:kotlin-script-runtime": {
            "locked": "1.9.22",
            "transitive": [
                "org.jetbrains.kotlin:kotlin-compiler-embeddable"
            ]
        },
        "org.jetbrains.kotlin:kotlin-stdlib": {
            "locked": "1.9.22",
            "transitive": [
                "org.jetbrains.kotlin:kotlin-build-tools-impl",
                "org.jetbrains.kotlin:kotlin-compiler-embeddable"
            ]
        },
        "org.jetbrains.kotlinx:kotlinx-coroutines-core-jvm": {
            "locked": "1.5.0",
            "transitive": [
                "org.jetbrains.kotlin:kotlin-compiler-runner"
            ]
        },
        "org.jetbrains:annotations": {
            "locked": "13.0",
            "transitive": [
                "org.jetbrains.kotlin:kotlin-stdlib"
            ]
        }
    },
    "kotlinCompilerClasspath": {
        "org.jetbrains.intellij.deps:trove4j": {
            "locked": "1.0.20200330",
            "transitive": [
                "org.jetbrains.kotlin:kotlin-compiler-embeddable"
            ]
        },
        "org.jetbrains.kotlin:kotlin-compiler-embeddable": {
            "locked": "1.9.22"
        },
        "org.jetbrains.kotlin:kotlin-daemon-embeddable": {
            "locked": "1.9.22",
            "transitive": [
                "org.jetbrains.kotlin:kotlin-compiler-embeddable"
            ]
        },
        "org.jetbrains.kotlin:kotlin-reflect": {
            "locked": "1.6.10",
            "transitive": [
                "org.jetbrains.kotlin:kotlin-compiler-embeddable"
            ]
        },
        "org.jetbrains.kotlin:kotlin-script-runtime": {
            "locked": "1.9.22",
            "transitive": [
                "org.jetbrains.kotlin:kotlin-compiler-embeddable"
            ]
        },
        "org.jetbrains.kotlin:kotlin-stdlib": {
            "locked": "1.9.22",
            "transitive": [
                "org.jetbrains.kotlin:kotlin-compiler-embeddable"
            ]
        },
        "org.jetbrains:annotations": {
            "locked": "13.0",
            "transitive": [
                "org.jetbrains.kotlin:kotlin-stdlib"
            ]
        }
    },
    "kotlinCompilerPluginClasspathMain": {
        "org.jetbrains.kotlin:kotlin-script-runtime": {
            "locked": "1.9.22",
            "transitive": [
                "org.jetbrains.kotlin:kotlin-scripting-jvm"
            ]
        },
        "org.jetbrains.kotlin:kotlin-scripting-common": {
            "locked": "1.9.22",
            "transitive": [
                "org.jetbrains.kotlin:kotlin-scripting-compiler-impl-embeddable",
                "org.jetbrains.kotlin:kotlin-scripting-jvm"
            ]
        },
        "org.jetbrains.kotlin:kotlin-scripting-compiler-embeddable": {
            "locked": "1.9.22"
        },
        "org.jetbrains.kotlin:kotlin-scripting-compiler-impl-embeddable": {
            "locked": "1.9.22",
            "transitive": [
                "org.jetbrains.kotlin:kotlin-scripting-compiler-embeddable"
            ]
        },
        "org.jetbrains.kotlin:kotlin-scripting-jvm": {
            "locked": "1.9.22",
            "transitive": [
                "org.jetbrains.kotlin:kotlin-scripting-compiler-impl-embeddable"
            ]
        },
        "org.jetbrains.kotlin:kotlin-stdlib": {
            "locked": "1.9.22",
            "transitive": [
                "org.jetbrains.kotlin:kotlin-scripting-common",
                "org.jetbrains.kotlin:kotlin-scripting-compiler-embeddable",
                "org.jetbrains.kotlin:kotlin-scripting-compiler-impl-embeddable",
                "org.jetbrains.kotlin:kotlin-scripting-jvm"
            ]
        },
        "org.jetbrains:annotations": {
            "locked": "13.0",
            "transitive": [
                "org.jetbrains.kotlin:kotlin-stdlib"
            ]
        }
    },
    "kotlinCompilerPluginClasspathTest": {
        "org.jetbrains.kotlin:kotlin-script-runtime": {
            "locked": "1.9.22",
            "transitive": [
                "org.jetbrains.kotlin:kotlin-scripting-jvm"
            ]
        },
        "org.jetbrains.kotlin:kotlin-scripting-common": {
            "locked": "1.9.22",
            "transitive": [
                "org.jetbrains.kotlin:kotlin-scripting-compiler-impl-embeddable",
                "org.jetbrains.kotlin:kotlin-scripting-jvm"
            ]
        },
        "org.jetbrains.kotlin:kotlin-scripting-compiler-embeddable": {
            "locked": "1.9.22"
        },
        "org.jetbrains.kotlin:kotlin-scripting-compiler-impl-embeddable": {
            "locked": "1.9.22",
            "transitive": [
                "org.jetbrains.kotlin:kotlin-scripting-compiler-embeddable"
            ]
        },
        "org.jetbrains.kotlin:kotlin-scripting-jvm": {
            "locked": "1.9.22",
            "transitive": [
                "org.jetbrains.kotlin:kotlin-scripting-compiler-impl-embeddable"
            ]
        },
        "org.jetbrains.kotlin:kotlin-stdlib": {
            "locked": "1.9.22",
            "transitive": [
                "org.jetbrains.kotlin:kotlin-scripting-common",
                "org.jetbrains.kotlin:kotlin-scripting-compiler-embeddable",
                "org.jetbrains.kotlin:kotlin-scripting-compiler-impl-embeddable",
                "org.jetbrains.kotlin:kotlin-scripting-jvm"
            ]
        },
        "org.jetbrains:annotations": {
            "locked": "13.0",
            "transitive": [
                "org.jetbrains.kotlin:kotlin-stdlib"
            ]
        }
    },
    "kotlinKlibCommonizerClasspath": {
        "org.jetbrains.intellij.deps:trove4j": {
            "locked": "1.0.20200330",
            "transitive": [
                "org.jetbrains.kotlin:kotlin-compiler-embeddable"
            ]
        },
        "org.jetbrains.kotlin:kotlin-compiler-embeddable": {
            "locked": "1.9.22",
            "transitive": [
                "org.jetbrains.kotlin:kotlin-klib-commonizer-embeddable"
            ]
        },
        "org.jetbrains.kotlin:kotlin-daemon-embeddable": {
            "locked": "1.9.22",
            "transitive": [
                "org.jetbrains.kotlin:kotlin-compiler-embeddable"
            ]
        },
        "org.jetbrains.kotlin:kotlin-klib-commonizer-embeddable": {
            "locked": "1.9.22"
        },
        "org.jetbrains.kotlin:kotlin-reflect": {
            "locked": "1.6.10",
            "transitive": [
                "org.jetbrains.kotlin:kotlin-compiler-embeddable"
            ]
        },
        "org.jetbrains.kotlin:kotlin-script-runtime": {
            "locked": "1.9.22",
            "transitive": [
                "org.jetbrains.kotlin:kotlin-compiler-embeddable"
            ]
        },
        "org.jetbrains.kotlin:kotlin-stdlib": {
            "locked": "1.9.22",
            "transitive": [
                "org.jetbrains.kotlin:kotlin-compiler-embeddable",
                "org.jetbrains.kotlin:kotlin-klib-commonizer-embeddable"
            ]
        },
        "org.jetbrains:annotations": {
            "locked": "13.0",
            "transitive": [
                "org.jetbrains.kotlin:kotlin-stdlib"
            ]
        }
    },
    "runtimeClasspath": {
        "org.jetbrains.kotlin:kotlin-bom": {
            "locked": "1.9.22"
        },
        "org.jetbrains.kotlin:kotlin-stdlib": {
            "locked": "1.9.22",
            "transitive": [
                "org.jetbrains.kotlin:kotlin-bom"
            ]
        },
        "org.jetbrains:annotations": {
            "locked": "13.0",
            "transitive": [
                "org.jetbrains.kotlin:kotlin-stdlib"
            ]
        }
    },
    "testCompileClasspath": {
        "net.bytebuddy:byte-buddy": {
            "locked": "1.14.11",
            "transitive": [
                "org.assertj:assertj-core"
            ]
        },
        "org.apiguardian:apiguardian-api": {
            "locked": "1.1.2",
            "transitive": [
                "org.junit.jupiter:junit-jupiter-api",
                "org.junit.jupiter:junit-jupiter-params",
                "org.junit.platform:junit-platform-commons"
            ]
        },
        "org.assertj:assertj-core": {
            "locked": "3.25.1"
        },
        "org.jetbrains.intellij.deps:trove4j": {
            "locked": "1.0.20200330",
            "transitive": [
                "org.jetbrains.kotlin:kotlin-compiler"
            ]
        },
        "org.jetbrains.kotlin:kotlin-bom": {
            "locked": "1.9.22"
        },
        "org.jetbrains.kotlin:kotlin-compiler": {
            "locked": "1.9.22",
            "transitive": [
                "org.jetbrains.kotlin:kotlin-bom"
            ]
        },
        "org.jetbrains.kotlin:kotlin-reflect": {
            "locked": "1.9.22",
            "transitive": [
                "org.jetbrains.kotlin:kotlin-bom",
                "org.jetbrains.kotlin:kotlin-compiler"
            ]
        },
        "org.jetbrains.kotlin:kotlin-script-runtime": {
            "locked": "1.9.22",
            "transitive": [
                "org.jetbrains.kotlin:kotlin-bom",
                "org.jetbrains.kotlin:kotlin-compiler"
            ]
        },
        "org.jetbrains.kotlin:kotlin-stdlib": {
            "locked": "1.9.22",
            "transitive": [
                "org.jetbrains.kotlin:kotlin-bom",
                "org.jetbrains.kotlin:kotlin-stdlib-common",
                "org.jetbrains.kotlin:kotlin-stdlib-jdk7",
                "org.jetbrains.kotlin:kotlin-stdlib-jdk8"
            ]
        },
        "org.jetbrains.kotlin:kotlin-stdlib-common": {
            "locked": "1.9.22",
            "transitive": [
                "org.jetbrains.kotlin:kotlin-bom",
                "org.jetbrains.kotlin:kotlin-stdlib",
                "org.jetbrains.kotlinx:kotlinx-coroutines-core-jvm"
            ]
        },
        "org.jetbrains.kotlin:kotlin-stdlib-jdk7": {
            "locked": "1.9.22",
            "transitive": [
                "org.jetbrains.kotlin:kotlin-bom",
                "org.jetbrains.kotlin:kotlin-stdlib",
                "org.jetbrains.kotlin:kotlin-stdlib-jdk8"
            ]
        },
        "org.jetbrains.kotlin:kotlin-stdlib-jdk8": {
            "locked": "1.9.22",
            "transitive": [
                "org.jetbrains.kotlin:kotlin-bom",
                "org.jetbrains.kotlin:kotlin-compiler",
                "org.jetbrains.kotlin:kotlin-stdlib",
                "org.jetbrains.kotlinx:kotlinx-coroutines-core-jvm"
            ]
        },
        "org.jetbrains.kotlinx:kotlinx-coroutines-core": {
            "locked": "1.5.0",
            "transitive": [
                "org.jetbrains.kotlin:kotlin-compiler"
            ]
        },
        "org.jetbrains.kotlinx:kotlinx-coroutines-core-jvm": {
            "locked": "1.5.0",
            "transitive": [
                "org.jetbrains.kotlinx:kotlinx-coroutines-core"
            ]
        },
        "org.jetbrains:annotations": {
            "locked": "13.0",
            "transitive": [
                "org.jetbrains.kotlin:kotlin-stdlib"
            ]
        },
        "org.junit.jupiter:junit-jupiter": {
            "locked": "5.10.1",
            "transitive": [
                "org.junit:junit-bom"
            ]
        },
        "org.junit.jupiter:junit-jupiter-api": {
            "locked": "5.10.1",
            "transitive": [
                "org.junit.jupiter:junit-jupiter",
                "org.junit.jupiter:junit-jupiter-params",
                "org.junit:junit-bom"
            ]
        },
        "org.junit.jupiter:junit-jupiter-params": {
            "locked": "5.10.1",
            "transitive": [
                "org.junit.jupiter:junit-jupiter",
                "org.junit:junit-bom"
            ]
        },
        "org.junit.platform:junit-platform-commons": {
            "locked": "1.10.1",
            "transitive": [
                "org.junit.jupiter:junit-jupiter-api",
                "org.junit:junit-bom"
            ]
        },
        "org.junit:junit-bom": {
            "locked": "5.10.1",
            "transitive": [
                "org.junit.jupiter:junit-jupiter",
                "org.junit.jupiter:junit-jupiter-api",
                "org.junit.jupiter:junit-jupiter-params",
                "org.junit.platform:junit-platform-commons"
            ]
        },
        "org.opentest4j:opentest4j": {
            "locked": "1.3.0",
            "transitive": [
                "org.junit.jupiter:junit-jupiter-api"
            ]
        }
    },
    "testImplementationDependenciesMetadata": {
        "net.bytebuddy:byte-buddy": {
            "locked": "1.14.11",
            "transitive": [
                "org.assertj:assertj-core"
            ]
        },
        "org.apiguardian:apiguardian-api": {
            "locked": "1.1.2",
            "transitive": [
                "org.junit.jupiter:junit-jupiter-api",
                "org.junit.jupiter:junit-jupiter-params",
                "org.junit.platform:junit-platform-commons"
            ]
        },
        "org.assertj:assertj-core": {
            "locked": "3.25.1"
        },
        "org.jetbrains.intellij.deps:trove4j": {
            "locked": "1.0.20200330",
            "transitive": [
                "org.jetbrains.kotlin:kotlin-compiler"
            ]
        },
        "org.jetbrains.kotlin:kotlin-bom": {
            "locked": "1.9.22"
        },
        "org.jetbrains.kotlin:kotlin-compiler": {
            "locked": "1.9.22",
            "transitive": [
                "org.jetbrains.kotlin:kotlin-bom"
            ]
        },
        "org.jetbrains.kotlin:kotlin-reflect": {
            "locked": "1.9.22",
            "transitive": [
                "org.jetbrains.kotlin:kotlin-bom",
                "org.jetbrains.kotlin:kotlin-compiler"
            ]
        },
        "org.jetbrains.kotlin:kotlin-script-runtime": {
            "locked": "1.9.22",
            "transitive": [
                "org.jetbrains.kotlin:kotlin-bom",
                "org.jetbrains.kotlin:kotlin-compiler"
            ]
        },
        "org.jetbrains.kotlin:kotlin-stdlib": {
            "locked": "1.9.22",
            "transitive": [
                "org.jetbrains.kotlin:kotlin-bom",
                "org.jetbrains.kotlin:kotlin-stdlib-common",
                "org.jetbrains.kotlin:kotlin-stdlib-jdk7",
                "org.jetbrains.kotlin:kotlin-stdlib-jdk8"
            ]
        },
        "org.jetbrains.kotlin:kotlin-stdlib-common": {
            "locked": "1.9.22",
            "transitive": [
                "org.jetbrains.kotlin:kotlin-bom",
                "org.jetbrains.kotlin:kotlin-stdlib",
                "org.jetbrains.kotlinx:atomicfu",
                "org.jetbrains.kotlinx:kotlinx-coroutines-core"
            ]
        },
        "org.jetbrains.kotlin:kotlin-stdlib-jdk7": {
            "locked": "1.9.22",
            "transitive": [
                "org.jetbrains.kotlin:kotlin-bom",
                "org.jetbrains.kotlin:kotlin-stdlib-jdk8"
            ]
        },
        "org.jetbrains.kotlin:kotlin-stdlib-jdk8": {
            "locked": "1.9.22",
            "transitive": [
                "org.jetbrains.kotlin:kotlin-bom",
                "org.jetbrains.kotlin:kotlin-compiler"
            ]
        },
        "org.jetbrains.kotlinx:atomicfu": {
            "locked": "0.16.1",
            "transitive": [
                "org.jetbrains.kotlinx:kotlinx-coroutines-core"
            ]
        },
        "org.jetbrains.kotlinx:kotlinx-coroutines-core": {
            "locked": "1.5.0",
            "transitive": [
                "org.jetbrains.kotlin:kotlin-compiler"
            ]
        },
        "org.junit.jupiter:junit-jupiter": {
            "locked": "5.10.1",
            "transitive": [
                "org.junit:junit-bom"
            ]
        },
        "org.junit.jupiter:junit-jupiter-api": {
            "locked": "5.10.1",
            "transitive": [
                "org.junit.jupiter:junit-jupiter",
                "org.junit.jupiter:junit-jupiter-params",
                "org.junit:junit-bom"
            ]
        },
        "org.junit.jupiter:junit-jupiter-params": {
            "locked": "5.10.1",
            "transitive": [
                "org.junit.jupiter:junit-jupiter",
                "org.junit:junit-bom"
            ]
        },
        "org.junit.platform:junit-platform-commons": {
            "locked": "1.10.1",
            "transitive": [
                "org.junit.jupiter:junit-jupiter-api",
                "org.junit:junit-bom"
            ]
        },
        "org.junit:junit-bom": {
            "locked": "5.10.1",
            "transitive": [
                "org.junit.jupiter:junit-jupiter",
                "org.junit.jupiter:junit-jupiter-api",
                "org.junit.jupiter:junit-jupiter-params",
                "org.junit.platform:junit-platform-commons"
            ]
        },
        "org.opentest4j:opentest4j": {
            "locked": "1.3.0",
            "transitive": [
                "org.junit.jupiter:junit-jupiter-api"
            ]
        }
    },
    "testRuntimeClasspath": {
        "net.bytebuddy:byte-buddy": {
            "locked": "1.14.11",
            "transitive": [
                "org.assertj:assertj-core"
            ]
        },
        "org.assertj:assertj-core": {
            "locked": "3.25.1"
        },
        "org.jetbrains.intellij.deps:trove4j": {
            "locked": "1.0.20200330",
            "transitive": [
                "org.jetbrains.kotlin:kotlin-compiler"
            ]
        },
        "org.jetbrains.kotlin:kotlin-bom": {
            "locked": "1.9.22"
        },
        "org.jetbrains.kotlin:kotlin-compiler": {
            "locked": "1.9.22",
            "transitive": [
                "org.jetbrains.kotlin:kotlin-bom"
            ]
        },
        "org.jetbrains.kotlin:kotlin-reflect": {
            "locked": "1.9.22",
            "transitive": [
                "org.jetbrains.kotlin:kotlin-bom",
                "org.jetbrains.kotlin:kotlin-compiler"
            ]
        },
        "org.jetbrains.kotlin:kotlin-script-runtime": {
            "locked": "1.9.22",
            "transitive": [
                "org.jetbrains.kotlin:kotlin-bom",
                "org.jetbrains.kotlin:kotlin-compiler"
            ]
        },
        "org.jetbrains.kotlin:kotlin-stdlib": {
            "locked": "1.9.22",
            "transitive": [
                "org.jetbrains.kotlin:kotlin-bom",
                "org.jetbrains.kotlin:kotlin-stdlib-common",
                "org.jetbrains.kotlin:kotlin-stdlib-jdk7",
                "org.jetbrains.kotlin:kotlin-stdlib-jdk8"
            ]
        },
        "org.jetbrains.kotlin:kotlin-stdlib-common": {
            "locked": "1.9.22",
            "transitive": [
                "org.jetbrains.kotlin:kotlin-bom",
                "org.jetbrains.kotlin:kotlin-stdlib",
                "org.jetbrains.kotlinx:kotlinx-coroutines-core-jvm"
            ]
        },
        "org.jetbrains.kotlin:kotlin-stdlib-jdk7": {
            "locked": "1.9.22",
            "transitive": [
                "org.jetbrains.kotlin:kotlin-bom",
                "org.jetbrains.kotlin:kotlin-stdlib",
                "org.jetbrains.kotlin:kotlin-stdlib-jdk8"
            ]
        },
        "org.jetbrains.kotlin:kotlin-stdlib-jdk8": {
            "locked": "1.9.22",
            "transitive": [
                "org.jetbrains.kotlin:kotlin-bom",
                "org.jetbrains.kotlin:kotlin-compiler",
                "org.jetbrains.kotlin:kotlin-stdlib",
                "org.jetbrains.kotlinx:kotlinx-coroutines-core-jvm"
            ]
        },
        "org.jetbrains.kotlinx:kotlinx-coroutines-core": {
            "locked": "1.5.0",
            "transitive": [
                "org.jetbrains.kotlin:kotlin-compiler"
            ]
        },
        "org.jetbrains.kotlinx:kotlinx-coroutines-core-jvm": {
            "locked": "1.5.0",
            "transitive": [
                "org.jetbrains.kotlinx:kotlinx-coroutines-core"
            ]
        },
        "org.jetbrains:annotations": {
            "locked": "13.0",
            "transitive": [
                "org.jetbrains.kotlin:kotlin-stdlib"
            ]
        },
        "org.junit.jupiter:junit-jupiter": {
            "locked": "5.10.1",
            "transitive": [
                "org.junit:junit-bom"
            ]
        },
        "org.junit.jupiter:junit-jupiter-api": {
            "locked": "5.10.1",
            "transitive": [
                "org.junit.jupiter:junit-jupiter",
                "org.junit.jupiter:junit-jupiter-engine",
                "org.junit.jupiter:junit-jupiter-params",
                "org.junit:junit-bom"
            ]
        },
        "org.junit.jupiter:junit-jupiter-engine": {
            "locked": "5.10.1",
            "transitive": [
                "org.junit.jupiter:junit-jupiter",
                "org.junit:junit-bom"
            ]
        },
        "org.junit.jupiter:junit-jupiter-params": {
            "locked": "5.10.1",
            "transitive": [
                "org.junit.jupiter:junit-jupiter",
                "org.junit:junit-bom"
            ]
        },
        "org.junit.platform:junit-platform-commons": {
            "locked": "1.10.1",
            "transitive": [
                "org.junit.jupiter:junit-jupiter-api",
                "org.junit.platform:junit-platform-engine",
                "org.junit:junit-bom"
            ]
        },
        "org.junit.platform:junit-platform-engine": {
            "locked": "1.10.1",
            "transitive": [
                "org.junit.jupiter:junit-jupiter-engine",
                "org.junit:junit-bom"
            ]
        },
        "org.junit:junit-bom": {
            "locked": "5.10.1",
            "transitive": [
                "org.junit.jupiter:junit-jupiter",
                "org.junit.jupiter:junit-jupiter-api",
                "org.junit.jupiter:junit-jupiter-engine",
                "org.junit.jupiter:junit-jupiter-params",
                "org.junit.platform:junit-platform-commons",
                "org.junit.platform:junit-platform-engine"
            ]
        },
        "org.opentest4j:opentest4j": {
            "locked": "1.3.0",
            "transitive": [
                "org.junit.jupiter:junit-jupiter-api",
                "org.junit.platform:junit-platform-engine"
            ]
        }
    }
}