{
    "apiDependenciesMetadata": {
        "com.graphql-java:graphql-java": {
            "locked": "22.3"
        },
        "com.netflix.graphql.dgs:graphql-dgs-platform-dependencies": {
            "locked": "10.0.4"
        },
        "org.jetbrains.kotlin:kotlin-stdlib": {
            "locked": "2.2.0"
        }
    },
    "compileClasspath": {
        "com.fasterxml.jackson.core:jackson-annotations": {
            "locked": "2.18.3"
        },
        "com.fasterxml.jackson.core:jackson-databind": {
            "locked": "2.18.3"
        },
        "com.fasterxml.jackson:jackson-bom": {
            "locked": "2.18.3"
        },
        "com.graphql-java:graphql-java": {
            "locked": "22.3"
        },
        "com.netflix.graphql.dgs:graphql-dgs-platform-dependencies": {
            "locked": "10.0.4"
        },
        "org.jetbrains.kotlin:kotlin-bom": {
            "locked": "2.2.0"
        },
        "org.jetbrains.kotlin:kotlin-reflect": {
            "locked": "2.2.0"
        },
        "org.jetbrains.kotlin:kotlin-stdlib": {
            "locked": "2.2.0"
        }
    },
    "implementationDependenciesMetadata": {
        "com.fasterxml.jackson.core:jackson-annotations": {
            "locked": "2.18.3"
        },
        "com.fasterxml.jackson.core:jackson-databind": {
            "locked": "2.18.3"
        },
        "com.fasterxml.jackson:jackson-bom": {
            "locked": "2.18.3"
        },
        "com.graphql-java:graphql-java": {
            "locked": "22.3"
        },
        "com.netflix.graphql.dgs:graphql-dgs-platform-dependencies": {
            "locked": "10.0.4"
        },
        "org.jetbrains.kotlin:kotlin-bom": {
            "locked": "2.2.0"
        },
        "org.jetbrains.kotlin:kotlin-reflect": {
            "locked": "2.2.0"
        },
        "org.jetbrains.kotlin:kotlin-stdlib": {
            "locked": "2.2.0"
        }
    },
    "kotlinCompilerClasspath": {
        "org.jetbrains.kotlin:kotlin-compiler-embeddable": {
            "locked": "2.2.0"
        }
    },
    "kotlinCompilerPluginClasspathMain": {
        "org.jetbrains.kotlin:kotlin-scripting-compiler-embeddable": {
            "locked": "2.2.0"
        }
    },
    "kotlinCompilerPluginClasspathTest": {
        "org.jetbrains.kotlin:kotlin-scripting-compiler-embeddable": {
            "locked": "2.2.0"
        }
    },
    "kotlinInternalAbiValidation": {
        "org.jetbrains.kotlin:abi-tools": {
            "locked": "2.2.0"
        }
    },
    "kotlinKlibCommonizerClasspath": {
        "org.jetbrains.kotlin:kotlin-klib-commonizer-embeddable": {
            "locked": "2.2.0"
        }
    },
    "ktlint": {
        "com.pinterest.ktlint:ktlint-cli": {
            "locked": "1.5.0"
        }
    },
    "runtimeClasspath": {
        "com.fasterxml.jackson.core:jackson-annotations": {
            "locked": "2.18.3"
        },
        "com.fasterxml.jackson.core:jackson-databind": {
            "locked": "2.18.3"
        },
        "com.fasterxml.jackson:jackson-bom": {
            "locked": "2.18.3"
        },
        "com.graphql-java:graphql-java": {
            "locked": "22.3"
        },
        "com.netflix.graphql.dgs:graphql-dgs-platform-dependencies": {
            "locked": "10.0.4"
        },
        "org.jetbrains.kotlin:kotlin-bom": {
            "locked": "2.2.0"
        },
        "org.jetbrains.kotlin:kotlin-reflect": {
            "locked": "2.2.0"
        },
        "org.jetbrains.kotlin:kotlin-stdlib": {
            "locked": "2.2.0"
        }
    },
    "testCompileClasspath": {
        "com.fasterxml.jackson.core:jackson-annotations": {
            "locked": "2.18.3"
        },
        "com.fasterxml.jackson.core:jackson-databind": {
            "locked": "2.18.3"
        },
        "com.fasterxml.jackson:jackson-bom": {
            "locked": "2.18.3"
        },
        "com.graphql-java:graphql-java": {
            "locked": "22.3"
        },
        "com.netflix.graphql.dgs:graphql-dgs-extended-scalars": {
            "locked": "10.0.4"
        },
        "com.netflix.graphql.dgs:graphql-dgs-platform-dependencies": {
            "locked": "10.0.4"
        },
        "org.assertj:assertj-core": {
            "locked": "3.27.7"
        },
        "org.jetbrains.kotlin:kotlin-bom": {
            "locked": "2.2.0"
        },
        "org.jetbrains.kotlin:kotlin-compiler": {
            "locked": "2.2.0"
        },
        "org.jetbrains.kotlin:kotlin-reflect": {
            "locked": "2.2.0"
        },
        "org.jetbrains.kotlin:kotlin-stdlib": {
            "locked": "2.2.0"
        },
        "org.junit.jupiter:junit-jupiter": {
            "locked": "5.10.5"
        },
        "org.junit.jupiter:junit-jupiter-params": {
            "locked": "5.10.5"
        },
        "org.junit:junit-bom": {
            "locked": "5.10.5"
        }
    },
    "testImplementationDependenciesMetadata": {
        "com.fasterxml.jackson.core:jackson-annotations": {
            "locked": "2.18.3"
        },
        "com.fasterxml.jackson.core:jackson-databind": {
            "locked": "2.18.3"
        },
        "com.fasterxml.jackson:jackson-bom": {
            "locked": "2.18.3"
        },
        "com.graphql-java:graphql-java": {
            "locked": "22.3"
        },
        "com.netflix.graphql.dgs:graphql-dgs-extended-scalars": {
            "locked": "10.0.4"
        },
        "com.netflix.graphql.dgs:graphql-dgs-platform-dependencies": {
            "locked": "10.0.4"
        },
        "org.assertj:assertj-core": {
            "locked": "3.27.7"
        },
        "org.jetbrains.kotlin:kotlin-bom": {
            "locked": "2.2.0"
        },
        "org.jetbrains.kotlin:kotlin-compiler": {
            "locked": "2.2.0"
        },
        "org.jetbrains.kotlin:kotlin-reflect": {
            "locked": "2.2.0"
        },
        "org.jetbrains.kotlin:kotlin-stdlib": {
            "locked": "2.2.0"
        },
        "org.junit.jupiter:junit-jupiter": {
            "locked": "5.10.5"
        },
        "org.junit.jupiter:junit-jupiter-params": {
            "locked": "5.10.5"
        },
        "org.junit:junit-bom": {
            "locked": "5.10.5"
        }
    },
    "testRuntimeClasspath": {
        "com.fasterxml.jackson.core:jackson-annotations": {
            "locked": "2.18.3"
        },
        "com.fasterxml.jackson.core:jackson-databind": {
            "locked": "2.18.3"
        },
        "com.fasterxml.jackson:jackson-bom": {
            "locked": "2.18.3"
        },
        "com.graphql-java:graphql-java": {
            "locked": "22.3"
        },
        "com.netflix.graphql.dgs:graphql-dgs-extended-scalars": {
            "locked": "10.0.4"
        },
        "com.netflix.graphql.dgs:graphql-dgs-platform-dependencies": {
            "locked": "10.0.4"
        },
        "org.assertj:assertj-core": {
            "locked": "3.27.7"
        },
        "org.jetbrains.kotlin:kotlin-bom": {
            "locked": "2.2.0"
        },
        "org.jetbrains.kotlin:kotlin-compiler": {
            "locked": "2.2.0"
        },
        "org.jetbrains.kotlin:kotlin-reflect": {
            "locked": "2.2.0"
        },
        "org.jetbrains.kotlin:kotlin-stdlib": {
            "locked": "2.2.0"
        },
        "org.junit.jupiter:junit-jupiter": {
            "locked": "5.10.5"
        },
        "org.junit.jupiter:junit-jupiter-params": {
            "locked": "5.10.5"
        },
        "org.junit.platform:junit-platform-launcher": {
            "locked": "1.10.5"
        },
        "org.junit:junit-bom": {
            "locked": "5.10.5"
        }
    }
}