{
    "apiDependenciesMetadata": {
        "org.jetbrains.kotlin:kotlin-stdlib": {
            "locked": "1.4.31"
        }
    },
    "compileClasspath": {
        "com.fasterxml.jackson.core:jackson-annotations": {
            "locked": "2.12.1"
        },
        "com.github.ajalt.clikt:clikt": {
            "locked": "3.1.0"
        },
        "com.graphql-java:graphql-java": {
            "locked": "16.2"
        },
        "com.netflix.graphql.dgs:graphql-dgs": {
            "locked": "3.6.0"
        },
        "com.netflix.graphql.dgs:graphql-dgs-client": {
            "locked": "3.6.0"
        },
        "com.squareup:javapoet": {
            "locked": "1.13.0"
        },
        "com.squareup:kotlinpoet": {
            "locked": "1.7.2"
        },
        "org.jetbrains.kotlin:kotlin-stdlib": {
            "locked": "1.4.31"
        }
    },
    "implementationDependenciesMetadata": {
        "com.fasterxml.jackson.core:jackson-annotations": {
            "locked": "2.12.1"
        },
        "com.github.ajalt.clikt:clikt": {
            "locked": "3.1.0"
        },
        "com.graphql-java:graphql-java": {
            "locked": "16.2"
        },
        "com.netflix.graphql.dgs:graphql-dgs": {
            "locked": "3.6.0"
        },
        "com.netflix.graphql.dgs:graphql-dgs-client": {
            "locked": "3.6.0"
        },
        "com.squareup:javapoet": {
            "locked": "1.13.0"
        },
        "com.squareup:kotlinpoet": {
            "locked": "1.7.2"
        },
        "org.jetbrains.kotlin:kotlin-stdlib": {
            "locked": "1.4.31"
        }
    },
    "kotlinCompilerClasspath": {
        "org.jetbrains.kotlin:kotlin-compiler-embeddable": {
            "locked": "1.4.31"
        }
    },
    "kotlinCompilerPluginClasspath": {
        "org.jetbrains.kotlin:kotlin-scripting-compiler-embeddable": {
            "locked": "1.4.31"
        }
    },
    "kotlinKlibCommonizerClasspath": {
        "org.jetbrains.kotlin:kotlin-klib-commonizer-embeddable": {
            "locked": "1.4.31"
        }
    },
    "runtimeClasspath": {
        "com.fasterxml.jackson.core:jackson-annotations": {
            "locked": "2.12.1"
        },
        "com.github.ajalt.clikt:clikt": {
            "locked": "3.1.0"
        },
        "com.graphql-java:graphql-java": {
            "locked": "16.2"
        },
        "com.netflix.graphql.dgs:graphql-dgs": {
            "locked": "3.6.0"
        },
        "com.netflix.graphql.dgs:graphql-dgs-client": {
            "locked": "3.6.0"
        },
        "com.squareup:javapoet": {
            "locked": "1.13.0"
        },
        "com.squareup:kotlinpoet": {
            "locked": "1.7.2"
        },
        "org.jetbrains.kotlin:kotlin-stdlib": {
            "locked": "1.4.31"
        }
    },
    "testCompileClasspath": {
        "com.fasterxml.jackson.core:jackson-annotations": {
            "locked": "2.12.1"
        },
        "com.github.ajalt.clikt:clikt": {
            "locked": "3.1.0"
        },
        "com.google.testing.compile:compile-testing": {
            "locked": "0.19"
        },
        "com.google.truth:truth": {
            "locked": "1.1.2"
        },
        "com.graphql-java:graphql-java": {
            "locked": "16.2"
        },
        "com.netflix.graphql.dgs:graphql-dgs": {
            "locked": "3.6.0"
        },
        "com.netflix.graphql.dgs:graphql-dgs-client": {
            "locked": "3.6.0"
        },
        "com.squareup:javapoet": {
            "locked": "1.13.0"
        },
        "com.squareup:kotlinpoet": {
            "locked": "1.7.2"
        },
        "org.assertj:assertj-core": {
            "locked": "3.11.1"
        },
        "org.jetbrains.kotlin:kotlin-stdlib": {
            "locked": "1.4.31"
        },
        "org.junit.jupiter:junit-jupiter": {
            "locked": "5.7.1"
        },
        "org.junit.jupiter:junit-jupiter-params": {
            "locked": "5.7.1"
        },
        "org.junit:junit-bom": {
            "locked": "5.7.1"
        }
    },
    "testImplementationDependenciesMetadata": {
        "com.fasterxml.jackson.core:jackson-annotations": {
            "locked": "2.12.1"
        },
        "com.github.ajalt.clikt:clikt": {
            "locked": "3.1.0"
        },
        "com.google.testing.compile:compile-testing": {
            "locked": "0.19"
        },
        "com.google.truth:truth": {
            "locked": "1.1.2"
        },
        "com.graphql-java:graphql-java": {
            "locked": "16.2"
        },
        "com.netflix.graphql.dgs:graphql-dgs": {
            "locked": "3.6.0"
        },
        "com.netflix.graphql.dgs:graphql-dgs-client": {
            "locked": "3.6.0"
        },
        "com.squareup:javapoet": {
            "locked": "1.13.0"
        },
        "com.squareup:kotlinpoet": {
            "locked": "1.7.2"
        },
        "org.assertj:assertj-core": {
            "locked": "3.11.1"
        },
        "org.jetbrains.kotlin:kotlin-stdlib": {
            "locked": "1.4.31"
        },
        "org.junit.jupiter:junit-jupiter": {
            "locked": "5.7.1"
        },
        "org.junit.jupiter:junit-jupiter-params": {
            "locked": "5.7.1"
        },
        "org.junit:junit-bom": {
            "locked": "5.7.1"
        }
    },
    "testRuntimeClasspath": {
        "com.fasterxml.jackson.core:jackson-annotations": {
            "locked": "2.12.1"
        },
        "com.github.ajalt.clikt:clikt": {
            "locked": "3.1.0"
        },
        "com.google.testing.compile:compile-testing": {
            "locked": "0.19"
        },
        "com.google.truth:truth": {
            "locked": "1.1.2"
        },
        "com.graphql-java:graphql-java": {
            "locked": "16.2"
        },
        "com.netflix.graphql.dgs:graphql-dgs": {
            "locked": "3.6.0"
        },
        "com.netflix.graphql.dgs:graphql-dgs-client": {
            "locked": "3.6.0"
        },
        "com.squareup:javapoet": {
            "locked": "1.13.0"
        },
        "com.squareup:kotlinpoet": {
            "locked": "1.7.2"
        },
        "org.assertj:assertj-core": {
            "locked": "3.11.1"
        },
        "org.jetbrains.kotlin:kotlin-stdlib": {
            "locked": "1.4.31"
        },
        "org.junit.jupiter:junit-jupiter": {
            "locked": "5.7.1"
        },
        "org.junit.jupiter:junit-jupiter-params": {
            "locked": "5.7.1"
        },
        "org.junit:junit-bom": {
            "locked": "5.7.1"
        }
    }
}