{
    "apiDependenciesMetadata": {
        "org.jetbrains.kotlin:kotlin-stdlib-jdk8": {
            "locked": "1.6.21"
        }
    },
    "compileClasspath": {
        "com.fasterxml.jackson.core:jackson-annotations": {
            "locked": "2.13.2"
        },
        "com.github.ajalt.clikt:clikt": {
            "locked": "3.4.2"
        },
        "com.graphql-java:graphql-java": {
            "firstLevelTransitive": [
                "com.netflix.graphql.dgs.codegen:graphql-dgs-codegen-client-core"
            ],
            "locked": "18.0"
        },
        "com.netflix.graphql.dgs.codegen:graphql-dgs-codegen-client-core": {
            "project": true
        },
        "com.netflix.graphql.dgs:graphql-dgs": {
            "locked": "4.10.1"
        },
        "com.netflix.graphql.dgs:graphql-dgs-platform-dependencies": {
            "firstLevelTransitive": [
                "com.netflix.graphql.dgs.codegen:graphql-dgs-codegen-client-core"
            ],
            "locked": "4.10.1"
        },
        "com.squareup:javapoet": {
            "locked": "1.13.0"
        },
        "com.squareup:kotlinpoet": {
            "locked": "1.10.2"
        },
        "org.jetbrains.kotlin:kotlin-stdlib-jdk8": {
            "firstLevelTransitive": [
                "com.netflix.graphql.dgs.codegen:graphql-dgs-codegen-client-core"
            ],
            "locked": "1.6.21"
        },
        "org.slf4j:slf4j-api": {
            "locked": "1.7.30"
        }
    },
    "implementationDependenciesMetadata": {
        "com.fasterxml.jackson.core:jackson-annotations": {
            "locked": "2.13.2"
        },
        "com.github.ajalt.clikt:clikt": {
            "locked": "3.4.2"
        },
        "com.graphql-java:graphql-java": {
            "firstLevelTransitive": [
                "com.netflix.graphql.dgs.codegen:graphql-dgs-codegen-client-core"
            ],
            "locked": "18.0"
        },
        "com.netflix.graphql.dgs.codegen:graphql-dgs-codegen-client-core": {
            "project": true
        },
        "com.netflix.graphql.dgs:graphql-dgs": {
            "locked": "4.10.1"
        },
        "com.netflix.graphql.dgs:graphql-dgs-platform-dependencies": {
            "firstLevelTransitive": [
                "com.netflix.graphql.dgs.codegen:graphql-dgs-codegen-client-core"
            ],
            "locked": "4.10.1"
        },
        "com.squareup:javapoet": {
            "locked": "1.13.0"
        },
        "com.squareup:kotlinpoet": {
            "locked": "1.10.2"
        },
        "org.jetbrains.kotlin:kotlin-stdlib-jdk8": {
            "firstLevelTransitive": [
                "com.netflix.graphql.dgs.codegen:graphql-dgs-codegen-client-core"
            ],
            "locked": "1.6.21"
        },
        "org.slf4j:slf4j-api": {
            "locked": "1.7.30"
        }
    },
    "kotlinCompilerClasspath": {
        "org.jetbrains.kotlin:kotlin-compiler-embeddable": {
            "locked": "1.6.21"
        }
    },
    "kotlinCompilerPluginClasspathMain": {
        "org.jetbrains.kotlin:kotlin-scripting-compiler-embeddable": {
            "locked": "1.6.21"
        }
    },
    "kotlinCompilerPluginClasspathTest": {
        "org.jetbrains.kotlin:kotlin-scripting-compiler-embeddable": {
            "locked": "1.6.21"
        }
    },
    "kotlinKlibCommonizerClasspath": {
        "org.jetbrains.kotlin:kotlin-klib-commonizer-embeddable": {
            "locked": "1.6.21"
        }
    },
    "runtimeClasspath": {
        "com.fasterxml.jackson.core:jackson-annotations": {
            "locked": "2.13.2"
        },
        "com.github.ajalt.clikt:clikt": {
            "locked": "3.4.2"
        },
        "com.graphql-java:graphql-java": {
            "firstLevelTransitive": [
                "com.netflix.graphql.dgs.codegen:graphql-dgs-codegen-client-core"
            ],
            "locked": "18.0"
        },
        "com.netflix.graphql.dgs.codegen:graphql-dgs-codegen-client-core": {
            "project": true
        },
        "com.netflix.graphql.dgs:graphql-dgs": {
            "locked": "4.10.1"
        },
        "com.netflix.graphql.dgs:graphql-dgs-platform-dependencies": {
            "firstLevelTransitive": [
                "com.netflix.graphql.dgs.codegen:graphql-dgs-codegen-client-core"
            ],
            "locked": "4.10.1"
        },
        "com.squareup:javapoet": {
            "locked": "1.13.0"
        },
        "com.squareup:kotlinpoet": {
            "locked": "1.10.2"
        },
        "org.jetbrains.kotlin:kotlin-reflect": {
            "firstLevelTransitive": [
                "com.netflix.graphql.dgs.codegen:graphql-dgs-codegen-client-core"
            ],
            "locked": "1.6.21"
        },
        "org.jetbrains.kotlin:kotlin-stdlib-jdk8": {
            "firstLevelTransitive": [
                "com.netflix.graphql.dgs.codegen:graphql-dgs-codegen-client-core"
            ],
            "locked": "1.6.21"
        },
        "org.slf4j:slf4j-api": {
            "locked": "1.7.35"
        }
    },
    "testCompileClasspath": {
        "com.fasterxml.jackson.core:jackson-annotations": {
            "locked": "2.13.2"
        },
        "com.github.ajalt.clikt:clikt": {
            "locked": "3.4.2"
        },
        "com.google.testing.compile:compile-testing": {
            "locked": "0.19"
        },
        "com.graphql-java:graphql-java": {
            "firstLevelTransitive": [
                "com.netflix.graphql.dgs.codegen:graphql-dgs-codegen-client-core"
            ],
            "locked": "18.0"
        },
        "com.netflix.graphql.dgs.codegen:graphql-dgs-codegen-client-core": {
            "project": true
        },
        "com.netflix.graphql.dgs:graphql-dgs": {
            "locked": "4.10.1"
        },
        "com.netflix.graphql.dgs:graphql-dgs-platform-dependencies": {
            "firstLevelTransitive": [
                "com.netflix.graphql.dgs.codegen:graphql-dgs-codegen-client-core"
            ],
            "locked": "4.10.1"
        },
        "com.squareup:javapoet": {
            "locked": "1.13.0"
        },
        "com.squareup:kotlinpoet": {
            "locked": "1.10.2"
        },
        "org.assertj:assertj-core": {
            "locked": "3.22.0"
        },
        "org.jetbrains.kotlin:kotlin-compiler": {
            "locked": "1.6.21"
        },
        "org.jetbrains.kotlin:kotlin-stdlib-jdk8": {
            "firstLevelTransitive": [
                "com.netflix.graphql.dgs.codegen:graphql-dgs-codegen-client-core"
            ],
            "locked": "1.6.21"
        },
        "org.junit.jupiter:junit-jupiter": {
            "locked": "5.8.2"
        },
        "org.junit.jupiter:junit-jupiter-params": {
            "locked": "5.8.2"
        },
        "org.junit:junit-bom": {
            "locked": "5.8.2"
        },
        "org.slf4j:slf4j-api": {
            "locked": "1.7.30"
        }
    },
    "testImplementationDependenciesMetadata": {
        "com.fasterxml.jackson.core:jackson-annotations": {
            "locked": "2.13.2"
        },
        "com.github.ajalt.clikt:clikt": {
            "locked": "3.4.2"
        },
        "com.google.testing.compile:compile-testing": {
            "locked": "0.19"
        },
        "com.graphql-java:graphql-java": {
            "firstLevelTransitive": [
                "com.netflix.graphql.dgs.codegen:graphql-dgs-codegen-client-core"
            ],
            "locked": "18.0"
        },
        "com.netflix.graphql.dgs.codegen:graphql-dgs-codegen-client-core": {
            "project": true
        },
        "com.netflix.graphql.dgs:graphql-dgs": {
            "locked": "4.10.1"
        },
        "com.netflix.graphql.dgs:graphql-dgs-platform-dependencies": {
            "firstLevelTransitive": [
                "com.netflix.graphql.dgs.codegen:graphql-dgs-codegen-client-core"
            ],
            "locked": "4.10.1"
        },
        "com.squareup:javapoet": {
            "locked": "1.13.0"
        },
        "com.squareup:kotlinpoet": {
            "locked": "1.10.2"
        },
        "org.assertj:assertj-core": {
            "locked": "3.22.0"
        },
        "org.jetbrains.kotlin:kotlin-compiler": {
            "locked": "1.6.21"
        },
        "org.jetbrains.kotlin:kotlin-stdlib-jdk8": {
            "firstLevelTransitive": [
                "com.netflix.graphql.dgs.codegen:graphql-dgs-codegen-client-core"
            ],
            "locked": "1.6.21"
        },
        "org.junit.jupiter:junit-jupiter": {
            "locked": "5.8.2"
        },
        "org.junit.jupiter:junit-jupiter-params": {
            "locked": "5.8.2"
        },
        "org.junit:junit-bom": {
            "locked": "5.8.2"
        },
        "org.slf4j:slf4j-api": {
            "locked": "1.7.30"
        }
    },
    "testRuntimeClasspath": {
        "com.fasterxml.jackson.core:jackson-annotations": {
            "locked": "2.13.2"
        },
        "com.github.ajalt.clikt:clikt": {
            "locked": "3.4.2"
        },
        "com.google.testing.compile:compile-testing": {
            "locked": "0.19"
        },
        "com.graphql-java:graphql-java": {
            "firstLevelTransitive": [
                "com.netflix.graphql.dgs.codegen:graphql-dgs-codegen-client-core"
            ],
            "locked": "18.0"
        },
        "com.netflix.graphql.dgs.codegen:graphql-dgs-codegen-client-core": {
            "project": true
        },
        "com.netflix.graphql.dgs:graphql-dgs": {
            "locked": "4.10.1"
        },
        "com.netflix.graphql.dgs:graphql-dgs-platform-dependencies": {
            "firstLevelTransitive": [
                "com.netflix.graphql.dgs.codegen:graphql-dgs-codegen-client-core"
            ],
            "locked": "4.10.1"
        },
        "com.squareup:javapoet": {
            "locked": "1.13.0"
        },
        "com.squareup:kotlinpoet": {
            "locked": "1.10.2"
        },
        "org.assertj:assertj-core": {
            "locked": "3.22.0"
        },
        "org.jetbrains.kotlin:kotlin-compiler": {
            "locked": "1.6.21"
        },
        "org.jetbrains.kotlin:kotlin-reflect": {
            "firstLevelTransitive": [
                "com.netflix.graphql.dgs.codegen:graphql-dgs-codegen-client-core"
            ],
            "locked": "1.6.21"
        },
        "org.jetbrains.kotlin:kotlin-stdlib-jdk8": {
            "firstLevelTransitive": [
                "com.netflix.graphql.dgs.codegen:graphql-dgs-codegen-client-core"
            ],
            "locked": "1.6.21"
        },
        "org.junit.jupiter:junit-jupiter": {
            "locked": "5.8.2"
        },
        "org.junit.jupiter:junit-jupiter-params": {
            "locked": "5.8.2"
        },
        "org.junit:junit-bom": {
            "locked": "5.8.2"
        },
        "org.slf4j:slf4j-api": {
            "locked": "1.7.35"
        }
    }
}