{
    "apiDependenciesMetadata": {
        "org.jetbrains.kotlin:kotlin-stdlib-jdk8": {
            "locked": "1.5.30"
        }
    },
    "compileClasspath": {
        "com.fasterxml.jackson.core:jackson-databind": {
            "locked": "2.12.3"
        },
        "com.graphql-java:graphql-java": {
            "locked": "16.2"
        },
        "com.netflix.graphql.dgs:graphql-dgs-platform-dependencies": {
            "locked": "4.5.1"
        },
        "org.jetbrains.kotlin:kotlin-stdlib-jdk8": {
            "locked": "1.5.30"
        },
        "org.springframework:spring-core": {
            "locked": "5.2.13.RELEASE"
        }
    },
    "compileOnly": {
        "com.fasterxml.jackson.core:jackson-databind": {
            "locked": "2.12.3"
        },
        "com.graphql-java:graphql-java": {
            "locked": "16.2"
        },
        "com.netflix.graphql.dgs:graphql-dgs-platform-dependencies": {
            "locked": "4.5.1"
        },
        "org.springframework:spring-core": {
            "locked": "5.2.13.RELEASE"
        }
    },
    "compileOnlyDependenciesMetadata": {
        "com.fasterxml.jackson.core:jackson-databind": {
            "locked": "2.12.3"
        },
        "com.graphql-java:graphql-java": {
            "locked": "16.2"
        },
        "com.netflix.graphql.dgs:graphql-dgs-platform-dependencies": {
            "locked": "4.5.1"
        },
        "org.springframework:spring-core": {
            "locked": "5.2.13.RELEASE"
        }
    },
    "implementationDependenciesMetadata": {
        "com.netflix.graphql.dgs:graphql-dgs-platform-dependencies": {
            "locked": "4.5.1"
        },
        "org.jetbrains.kotlin:kotlin-stdlib-jdk8": {
            "locked": "1.5.30"
        }
    },
    "kotlinCompilerClasspath": {
        "org.jetbrains.kotlin:kotlin-compiler-embeddable": {
            "locked": "1.5.30"
        }
    },
    "kotlinCompilerPluginClasspathMain": {
        "org.jetbrains.kotlin:kotlin-scripting-compiler-embeddable": {
            "locked": "1.5.30"
        }
    },
    "kotlinCompilerPluginClasspathTest": {
        "org.jetbrains.kotlin:kotlin-scripting-compiler-embeddable": {
            "locked": "1.5.30"
        }
    },
    "kotlinKlibCommonizerClasspath": {
        "org.jetbrains.kotlin:kotlin-klib-commonizer-embeddable": {
            "locked": "1.5.30"
        }
    },
    "ktlint": {
        "com.pinterest:ktlint": {
            "locked": "0.40.0"
        }
    },
    "runtimeClasspath": {
        "com.netflix.graphql.dgs:graphql-dgs-platform-dependencies": {
            "locked": "4.5.1"
        },
        "org.jetbrains.kotlin:kotlin-stdlib-jdk8": {
            "locked": "1.5.30"
        }
    },
    "testCompileClasspath": {
        "com.graphql-java:graphql-java": {
            "locked": "16.2"
        },
        "com.netflix.graphql.dgs:graphql-dgs-extended-scalars": {
            "locked": "4.5.1"
        },
        "com.netflix.graphql.dgs:graphql-dgs-platform-dependencies": {
            "locked": "4.5.1"
        },
        "org.assertj:assertj-core": {
            "locked": "3.20.2"
        },
        "org.jetbrains.kotlin:kotlin-stdlib-jdk8": {
            "locked": "1.5.30"
        },
        "org.junit.jupiter:junit-jupiter": {
            "locked": "5.7.2"
        },
        "org.junit.jupiter:junit-jupiter-params": {
            "locked": "5.7.2"
        },
        "org.junit:junit-bom": {
            "locked": "5.7.2"
        },
        "org.springframework:spring-core": {
            "locked": "5.2.13.RELEASE"
        }
    },
    "testImplementationDependenciesMetadata": {
        "com.graphql-java:graphql-java": {
            "locked": "16.2"
        },
        "com.netflix.graphql.dgs:graphql-dgs-extended-scalars": {
            "locked": "4.5.1"
        },
        "com.netflix.graphql.dgs:graphql-dgs-platform-dependencies": {
            "locked": "4.5.1"
        },
        "org.assertj:assertj-core": {
            "locked": "3.20.2"
        },
        "org.jetbrains.kotlin:kotlin-stdlib-jdk8": {
            "locked": "1.5.30"
        },
        "org.junit.jupiter:junit-jupiter": {
            "locked": "5.7.2"
        },
        "org.junit.jupiter:junit-jupiter-params": {
            "locked": "5.7.2"
        },
        "org.junit:junit-bom": {
            "locked": "5.7.2"
        },
        "org.springframework:spring-core": {
            "locked": "5.2.13.RELEASE"
        }
    },
    "testRuntimeClasspath": {
        "com.graphql-java:graphql-java": {
            "locked": "16.2"
        },
        "com.netflix.graphql.dgs:graphql-dgs-extended-scalars": {
            "locked": "4.5.1"
        },
        "com.netflix.graphql.dgs:graphql-dgs-platform-dependencies": {
            "locked": "4.5.1"
        },
        "org.assertj:assertj-core": {
            "locked": "3.20.2"
        },
        "org.jetbrains.kotlin:kotlin-stdlib-jdk8": {
            "locked": "1.5.30"
        },
        "org.junit.jupiter:junit-jupiter": {
            "locked": "5.7.2"
        },
        "org.junit.jupiter:junit-jupiter-params": {
            "locked": "5.7.2"
        },
        "org.junit:junit-bom": {
            "locked": "5.7.2"
        },
        "org.springframework:spring-core": {
            "locked": "5.2.13.RELEASE"
        }
    }
}